
Microsoft Visual Studio Solution File, Format Version 12.00
# Visual Studio 15
VisualStudioVersion = 15.0.26430.14
MinimumVisualStudioVersion = 10.0.40219.1
Project("{FAE04EC0-301F-11D3-BF4B-00C04F79EFBC}") = "수분석가", "수분석가\수분석가.csproj", "{884221FE-F712-4FAC-80FA-EC00ECE1752B}"
EndProject
Global
	GlobalSection(SolutionConfigurationPlatforms) = preSolution
		Debug|Any CPU = Debug|Any CPU
		Release|Any CPU = Release|Any CPU
	EndGlobalSection
	GlobalSection(ProjectConfigurationPlatforms) = postSolution
		{884221FE-F712-4FAC-80FA-EC00ECE1752B}.Debug|Any CPU.ActiveCfg = Debug|Any CPU
		{884221FE-F712-4FAC-80FA-EC00ECE1752B}.Debug|Any CPU.Build.0 = Debug|Any CPU
		{884221FE-F712-4FAC-80FA-EC00ECE1752B}.Release|Any CPU.ActiveCfg = Release|Any CPU
		{884221FE-F712-4FAC-80FA-EC00ECE1752B}.Release|Any CPU.Build.0 = Release|Any CPU
	EndGlobalSection
	GlobalSection(SolutionProperties) = preSolution
		HideSolutionNode = FALSE
	EndGlobalSection
EndGlobal
